// !$*UTF8*$!
{
	archiveVersion = 1;
	classes = {
	};
	objectVersion = 50;
	objects = {

/* Begin PBXBuildFile section */
		6C6C25CC274013F7006C1207 /* AppDelegate.swift in Sources */ = {isa = PBXBuildFile; fileRef = 6C6C25CB274013F7006C1207 /* AppDelegate.swift */; };
		6C6C25CE274013F7006C1207 /* SceneDelegate.swift in Sources */ = {isa = PBXBuildFile; fileRef = 6C6C25CD274013F7006C1207 /* SceneDelegate.swift */; };
		6C6C25D0274013F7006C1207 /* ViewController.swift in Sources */ = {isa = PBXBuildFile; fileRef = 6C6C25CF274013F7006C1207 /* ViewController.swift */; };
		6C6C25D3274013F7006C1207 /* Main.storyboard in Resources */ = {isa = PBXBuildFile; fileRef = 6C6C25D1274013F7006C1207 /* Main.storyboard */; };
		6C6C25D5274013FF006C1207 /* Assets.xcassets in Resources */ = {isa = PBXBuildFile; fileRef = 6C6C25D4274013FF006C1207 /* Assets.xcassets */; };
		6C6C25D8274013FF006C1207 /* LaunchScreen.storyboard in Resources */ = {isa = PBXBuildFile; fileRef = 6C6C25D6274013FF006C1207 /* LaunchScreen.storyboard */; };
		6C6C25E227402DD4006C1207 /* ConfirmationViewController.swift in Sources */ = {isa = PBXBuildFile; fileRef = 6C6C25E127402DD4006C1207 /* ConfirmationViewController.swift */; };
/* End PBXBuildFile section */

/* Begin PBXFileReference section */
		6C6C25C8274013F7006C1207 /* DisbursementConfirmationApp.app */ = {isa = PBXFileReference; explicitFileType = wrapper.application; includeInIndex = 0; path = DisbursementConfirmationApp.app; sourceTree = BUILT_PRODUCTS_DIR; };
		6C6C25CB274013F7006C1207 /* AppDelegate.swift */ = {isa = PBXFileReference; lastKnownFileType = sourcecode.swift; path = AppDelegate.swift; sourceTree = "<group>"; };
		6C6C25CD274013F7006C1207 /* SceneDelegate.swift */ = {isa = PBXFileReference; lastKnownFileType = sourcecode.swift; path = SceneDelegate.swift; sourceTree = "<group>"; };
		6C6C25CF274013F7006C1207 /* ViewController.swift */ = {isa = PBXFileReference; lastKnownFileType = sourcecode.swift; path = ViewController.swift; sourceTree = "<group>"; };
		6C6C25D2274013F7006C1207 /* Base */ = {isa = PBXFileReference; lastKnownFileType = file.storyboard; name = Base; path = Base.lproj/Main.storyboard; sourceTree = "<group>"; };
		6C6C25D4274013FF006C1207 /* Assets.xcassets */ = {isa = PBXFileReference; lastKnownFileType = folder.assetcatalog; path = Assets.xcassets; sourceTree = "<group>"; };
		6C6C25D7274013FF006C1207 /* Base */ = {isa = PBXFileReference; lastKnownFileType = file.storyboard; name = Base; path = Base.lproj/LaunchScreen.storyboard; sourceTree = "<group>"; };
		6C6C25D9274013FF006C1207 /* Info.plist */ = {isa = PBXFileReference; lastKnownFileType = text.plist.xml; path = Info.plist; sourceTree = "<group>"; };
		6C6C25E127402DD4006C1207 /* ConfirmationViewController.swift */ = {isa = PBXFileReference; lastKnownFileType = sourcecode.swift; path = ConfirmationViewController.swift; sourceTree = "<group>"; };
/* End PBXFileReference section */

/* Begin PBXFrameworksBuildPhase section */
		6C6C25C5274013F7006C1207 /* Frameworks */ = {
			isa = PBXFrameworksBuildPhase;
			buildActionMask = 2147483647;
			files = (
			);
			runOnlyForDeploymentPostprocessing = 0;
		};
/* End PBXFrameworksBuildPhase section */

/* Begin PBXGroup section */
		6C6C25BF274013F7006C1207 = {
			isa = PBXGroup;
			children = (
				6C6C25CA274013F7006C1207 /* DisbursementConfirmationApp */,
				6C6C25C9274013F7006C1207 /* Products */,
			);
			sourceTree = "<group>";
		};
		6C6C25C9274013F7006C1207 /* Products */ = {
			isa = PBXGroup;
			children = (
				6C6C25C8274013F7006C1207 /* DisbursementConfirmationApp.app */,
			);
			name = Products;
			sourceTree = "<group>";
		};
		6C6C25CA274013F7006C1207 /* DisbursementConfirmationApp */ = {
			isa = PBXGroup;
			children = (
				6C6C25CB274013F7006C1207 /* AppDelegate.swift */,
				6C6C25CD274013F7006C1207 /* SceneDelegate.swift */,
				6C6C25CF274013F7006C1207 /* ViewController.swift */,
				6C6C25D1274013F7006C1207 /* Main.storyboard */,
				6C6C25D4274013FF006C1207 /* Assets.xcassets */,
				6C6C25D6274013FF006C1207 /* LaunchScreen.storyboard */,
				6C6C25D9274013FF006C1207 /* Info.plist */,
				6C6C25E127402DD4006C1207 /* ConfirmationViewController.swift */,
			);
			path = DisbursementConfirmationApp;
			sourceTree = "<group>";
		};
/* End PBXGroup section */

/* Begin PBXNativeTarget section */
		6C6C25C7274013F7006C1207 /* DisbursementConfirmationApp */ = {
			isa = PBXNativeTarget;
			buildConfigurationList = 6C6C25DC274013FF006C1207 /* Build configuration list for PBXNativeTarget "DisbursementConfirmationApp" */;
			buildPhases = (
				6C6C25C4274013F7006C1207 /* Sources */,
				6C6C25C5274013F7006C1207 /* Frameworks */,
				6C6C25C6274013F7006C1207 /* Resources */,
			);
			buildRules = (
			);
			dependencies = (
			);
			name = DisbursementConfirmationApp;
			productName = DisbursementConfirmationApp;
			productReference = 6C6C25C8274013F7006C1207 /* DisbursementConfirmationApp.app */;
			productType = "com.apple.product-type.application";
		};
/* End PBXNativeTarget section */

/* Begin PBXProject section */
		6C6C25C0274013F7006C1207 /* Project object */ = {
			isa = PBXProject;
			attributes = {
				LastSwiftUpdateCheck = 1240;
				LastUpgradeCheck = 1240;
				TargetAttributes = {
					6C6C25C7274013F7006C1207 = {
						CreatedOnToolsVersion = 12.4;
					};
				};
			};
			buildConfigurationList = 6C6C25C3274013F7006C1207 /* Build configuration list for PBXProject "DisbursementConfirmationApp" */;
			compatibilityVersion = "Xcode 9.3";
			developmentRegion = en;
			hasScannedForEncodings = 0;
			knownRegions = (
				en,
				Base,
			);
			mainGroup = 6C6C25BF274013F7006C1207;
			productRefGroup = 6C6C25C9274013F7006C1207 /* Products */;
			projectDirPath = "";
			projectRoot = "";
			targets = (
				6C6C25C7274013F7006C1207 /* DisbursementConfirmationApp */,
			);
		};
/* End PBXProject section */

/* Begin PBXResourcesBuildPhase section */
		6C6C25C6274013F7006C1207 /* Resources */ = {
			isa = PBXResourcesBuildPhase;
			buildActionMask = 2147483647;
			files = (
				6C6C25D8274013FF006C1207 /* LaunchScreen.storyboard in Resources */,
				6C6C25D5274013FF006C1207 /* Assets.xcassets in Resources */,
				6C6C25D3274013F7006C1207 /* Main.storyboard in Resources */,
			);
			runOnlyForDeploymentPostprocessing = 0;
		};
/* End PBXResourcesBuildPhase section */

/* Begin PBXSourcesBuildPhase section */
		6C6C25C4274013F7006C1207 /* Sources */ = {
			isa = PBXSourcesBuildPhase;
			buildActionMask = 2147483647;
			files = (
				6C6C25D0274013F7006C1207 /* ViewController.swift in Sources */,
				6C6C25CC274013F7006C1207 /* AppDelegate.swift in Sources */,
				6C6C25E227402DD4006C1207 /* ConfirmationViewController.swift in Sources */,
				6C6C25CE274013F7006C1207 /* SceneDelegate.swift in Sources */,
			);
			runOnlyForDeploymentPostprocessing = 0;
		};
/* End PBXSourcesBuildPhase section */

/* Begin PBXVariantGroup section */
		6C6C25D1274013F7006C1207 /* Main.storyboard */ = {
			isa = PBXVariantGroup;
			children = (
				6C6C25D2274013F7006C1207 /* Base */,
			);
			name = Main.storyboard;
			sourceTree = "<group>";
		};
		6C6C25D6274013FF006C1207 /* LaunchScreen.storyboard */ = {
			isa = PBXVariantGroup;
			children = (
				6C6C25D7274013FF006C1207 /* Base */,
			);
			name = LaunchScreen.storyboard;
			sourceTree = "<group>";
		};
/* End PBXVariantGroup section */

/* Begin XCBuildConfiguration section */
		6C6C25DA274013FF006C1207 /* Debug */ = {
			isa = XCBuildConfiguration;
			buildSettings = {
				ALWAYS_SEARCH_USER_PATHS = NO;
				CLANG_ANALYZER_NONNULL = YES;
				CLANG_ANALYZER_NUMBER_OBJECT_CONVERSION = YES_AGGRESSIVE;
				CLANG_CXX_LANGUAGE_STANDARD = "gnu++14";
				CLANG_CXX_LIBRARY = "libc++";
				CLANG_ENABLE_MODULES = YES;
				CLANG_ENABLE_OBJC_ARC = YES;
				CLANG_ENABLE_OBJC_WEAK = YES;
				CLANG_WARN_BLOCK_CAPTURE_AUTORELEASING = YES;
				CLANG_WARN_BOOL_CONVERSION = YES;
				CLANG_WARN_COMMA = YES;
				CLANG_WARN_CONSTANT_CONVERSION = YES;
				CLANG_WARN_DEPRECATED_OBJC_IMPLEMENTATIONS = YES;
				CLANG_WARN_DIRECT_OBJC_ISA_USAGE = YES_ERROR;
				CLANG_WARN_DOCUMENTATION_COMMENTS = YES;
				CLANG_WARN_EMPTY_BODY = YES;
				CLANG_WARN_ENUM_CONVERSION = YES;
				CLANG_WARN_INFINITE_RECURSION = YES;
				CLANG_WARN_INT_CONVERSION = YES;
				CLANG_WARN_NON_LITERAL_NULL_CONVERSION = YES;
				CLANG_WARN_OBJC_IMPLICIT_RETAIN_SELF = YES;
				CLANG_WARN_OBJC_LITERAL_CONVERSION = YES;
				CLANG_WARN_OBJC_ROOT_CLASS = YES_ERROR;
				CLANG_WARN_QUOTED_INCLUDE_IN_FRAMEWORK_HEADER = YES;
				CLANG_WARN_RANGE_LOOP_ANALYSIS = YES;
				CLANG_WARN_STRICT_PROTOTYPES = YES;
				CLANG_WARN_SUSPICIOUS_MOVE = YES;
				CLANG_WARN_UNGUARDED_AVAILABILITY = YES_AGGRESSIVE;
				CLANG_WARN_UNREACHABLE_CODE = YES;
				CLANG_WARN__DUPLICATE_METHOD_MATCH = YES;
				COPY_PHASE_STRIP = NO;
				DEBUG_INFORMATION_FORMAT = dwarf;
				ENABLE_STRICT_OBJC_MSGSEND = YES;
				ENABLE_TESTABILITY = YES;
				GCC_C_LANGUAGE_STANDARD = gnu11;
				GCC_DYNAMIC_NO_PIC = NO;
				GCC_NO_COMMON_BLOCKS = YES;
				GCC_OPTIMIZATION_LEVEL = 0;
				GCC_PREPROCESSOR_DEFINITIONS = (
					"DEBUG=1",
					"$(inherited)",
				);
				GCC_WARN_64_TO_32_BIT_CONVERSION = YES;
				GCC_WARN_ABOUT_RETURN_TYPE = YES_ERROR;
				GCC_WARN_UNDECLARED_SELECTOR = YES;
				GCC_WARN_UNINITIALIZED_AUTOS = YES_AGGRESSIVE;
				GCC_WARN_UNUSED_FUNCTION = YES;
				GCC_WARN_UNUSED_VARIABLE = YES;
				IPHONEOS_DEPLOYMENT_TARGET = 14.4;
				MTL_ENABLE_DEBUG_INFO = INCLUDE_SOURCE;
				MTL_FAST_MATH = YES;
				ONLY_ACTIVE_ARCH = YES;
				SDKROOT = iphoneos;
				SWIFT_ACTIVE_COMPILATION_CONDITIONS = DEBUG;
				SWIFT_OPTIMIZATION_LEVEL = "-Onone";
			};
			name = Debug;
		};
		6C6C25DB274013FF006C1207 /* Release */ = {
			isa = XCBuildConfiguration;
			buildSettings = {
				ALWAYS_SEARCH_USER_PATHS = NO;
				CLANG_ANALYZER_NONNULL = YES;
				CLANG_ANALYZER_NUMBER_OBJECT_CONVERSION = YES_AGGRESSIVE;
				CLANG_CXX_LANGUAGE_STANDARD = "gnu++14";
				CLANG_CXX_LIBRARY = "libc++";
				CLANG_ENABLE_MODULES = YES;
				CLANG_ENABLE_OBJC_ARC = YES;
				CLANG_ENABLE_OBJC_WEAK = YES;
				CLANG_WARN_BLOCK_CAPTURE_AUTORELEASING = YES;
				CLANG_WARN_BOOL_CONVERSION = YES;
				CLANG_WARN_COMMA = YES;
				CLANG_WARN_CONSTANT_CONVERSION = YES;
				CLANG_WARN_DEPRECATED_OBJC_IMPLEMENTATIONS = YES;
				CLANG_WARN_DIRECT_OBJC_ISA_USAGE = YES_ERROR;
				CLANG_WARN_DOCUMENTATION_COMMENTS = YES;
				CLANG_WARN_EMPTY_BODY = YES;
				CLANG_WARN_ENUM_CONVERSION = YES;
				CLANG_WARN_INFINITE_RECURSION = YES;
				CLANG_WARN_INT_CONVERSION = YES;
				CLANG_WARN_NON_LITERAL_NULL_CONVERSION = YES;
				CLANG_WARN_OBJC_IMPLICIT_RETAIN_SELF = YES;
				CLANG_WARN_OBJC_LITERAL_CONVERSION = YES;
				CLANG_WARN_OBJC_ROOT_CLASS = YES_ERROR;
				CLANG_WARN_QUOTED_INCLUDE_IN_FRAMEWORK_HEADER = YES;
				CLANG_WARN_RANGE_LOOP_ANALYSIS = YES;
				CLANG_WARN_STRICT_PROTOTYPES = YES;
				CLANG_WARN_SUSPICIOUS_MOVE = YES;
				CLANG_WARN_UNGUARDED_AVAILABILITY = YES_AGGRESSIVE;
				CLANG_WARN_UNREACHABLE_CODE = YES;
				CLANG_WARN__DUPLICATE_METHOD_MATCH = YES;
				COPY_PHASE_STRIP = NO;
				DEBUG_INFORMATION_FORMAT = "dwarf-with-dsym";
				ENABLE_NS_ASSERTIONS = NO;
				ENABLE_STRICT_OBJC_MSGSEND = YES;
				GCC_C_LANGUAGE_STANDARD = gnu11;
				GCC_NO_COMMON_BLOCKS = YES;
				GCC_WARN_64_TO_32_BIT_CONVERSION = YES;
				GCC_WARN_ABOUT_RETURN_TYPE = YES_ERROR;
				GCC_WARN_UNDECLARED_SELECTOR = YES;
				GCC_WARN_UNINITIALIZED_AUTOS = YES_AGGRESSIVE;
				GCC_WARN_UNUSED_FUNCTION = YES;
				GCC_WARN_UNUSED_VARIABLE = YES;
				IPHONEOS_DEPLOYMENT_TARGET = 14.4;
				MTL_ENABLE_DEBUG_INFO = NO;
				MTL_FAST_MATH = YES;
				SDKROOT = iphoneos;
				SWIFT_COMPILATION_MODE = wholemodule;
				SWIFT_OPTIMIZATION_LEVEL = "-O";
				VALIDATE_PRODUCT = YES;
			};
			name = Release;
		};
		6C6C25DD274013FF006C1207 /* Debug */ = {
			isa = XCBuildConfiguration;
			buildSettings = {
				ASSETCATALOG_COMPILER_APPICON_NAME = AppIcon;
				ASSETCATALOG_COMPILER_GLOBAL_ACCENT_COLOR_NAME = AccentColor;
				CODE_SIGN_STYLE = Automatic;
				DEVELOPMENT_TEAM = 8STYK22MQ3;
				INFOPLIST_FILE = DisbursementConfirmationApp/Info.plist;
				LD_RUNPATH_SEARCH_PATHS = (
					"$(inherited)",
					"@executable_path/Frameworks",
				);
				PRODUCT_BUNDLE_IDENTIFIER = com.mizoz.DisbursementConfirmationApp;
				PRODUCT_NAME = "$(TARGET_NAME)";
				SWIFT_VERSION = 5.0;
				TARGETED_DEVICE_FAMILY = "1,2";
			};
			name = Debug;
		};
		6C6C25DE274013FF006C1207 /* Release */ = {
			isa = XCBuildConfiguration;
			buildSettings = {
				ASSETCATALOG_COMPILER_APPICON_NAME = AppIcon;
				ASSETCATALOG_COMPILER_GLOBAL_ACCENT_COLOR_NAME = AccentColor;
				CODE_SIGN_STYLE = Automatic;
				DEVELOPMENT_TEAM = 8STYK22MQ3;
				INFOPLIST_FILE = DisbursementConfirmationApp/Info.plist;
				LD_RUNPATH_SEARCH_PATHS = (
					"$(inherited)",
					"@executable_path/Frameworks",
				);
				PRODUCT_BUNDLE_IDENTIFIER = com.mizoz.DisbursementConfirmationApp;
				PRODUCT_NAME = "$(TARGET_NAME)";
				SWIFT_VERSION = 5.0;
				TARGETED_DEVICE_FAMILY = "1,2";
			};
			name = Release;
		};
/* End XCBuildConfiguration section */

/* Begin XCConfigurationList section */
		6C6C25C3274013F7006C1207 /* Build configuration list for PBXProject "DisbursementConfirmationApp" */ = {
			isa = XCConfigurationList;
			buildConfigurations = (
				6C6C25DA274013FF006C1207 /* Debug */,
				6C6C25DB274013FF006C1207 /* Release */,
			);
			defaultConfigurationIsVisible = 0;
			defaultConfigurationName = Release;
		};
		6C6C25DC274013FF006C1207 /* Build configuration list for PBXNativeTarget "DisbursementConfirmationApp" */ = {
			isa = XCConfigurationList;
			buildConfigurations = (
				6C6C25DD274013FF006C1207 /* Debug */,
				6C6C25DE274013FF006C1207 /* Release */,
			);
			defaultConfigurationIsVisible = 0;
			defaultConfigurationName = Release;
		};
/* End XCConfigurationList section */
	};
	rootObject = 6C6C25C0274013F7006C1207 /* Project object */;
}
